
Microsoft Visual Studio Solution File, Format Version 12.00
# Visual Studio Version 16
VisualStudioVersion = 16.0.31605.320
MinimumVisualStudioVersion = 10.0.40219.1
Project("{FAE04EC0-301F-11D3-BF4B-00C04F79EFBC}") = "Calculator", "Calculator\Calculator.csproj", "{7E28A051-76D9-4145-8B90-FCE4B8121122}"
EndProject
Global
	GlobalSection(SolutionConfigurationPlatforms) = preSolution
		Debug|Any CPU = Debug|Any CPU
		Release|Any CPU = Release|Any CPU
	EndGlobalSection
	GlobalSection(ProjectConfigurationPlatforms) = postSolution
		{7E28A051-76D9-4145-8B90-FCE4B8121122}.Debug|Any CPU.ActiveCfg = Debug|Any CPU
		{7E28A051-76D9-4145-8B90-FCE4B8121122}.Debug|Any CPU.Build.0 = Debug|Any CPU
		{7E28A051-76D9-4145-8B90-FCE4B8121122}.Release|Any CPU.ActiveCfg = Release|Any CPU
		{7E28A051-76D9-4145-8B90-FCE4B8121122}.Release|Any CPU.Build.0 = Release|Any CPU
	EndGlobalSection
	GlobalSection(SolutionProperties) = preSolution
		HideSolutionNode = FALSE
	EndGlobalSection
	GlobalSection(ExtensibilityGlobals) = postSolution
		SolutionGuid = {6F3653D6-2F6B-4682-A8F5-F36F4600900D}
	EndGlobalSection
EndGlobal
